// !$*UTF8*$!
{
	archiveVersion = 1;
	classes = {
	};
	objectVersion = 56;
	objects = {

/* Begin PBXBuildFile section */
		FCAEFE232B0EEE260041AAA0 /* AppDelegate.swift in Sources */ = {isa = PBXBuildFile; fileRef = FCAEFE222B0EEE260041AAA0 /* AppDelegate.swift */; };
		FCAEFE252B0EEE260041AAA0 /* SceneDelegate.swift in Sources */ = {isa = PBXBuildFile; fileRef = FCAEFE242B0EEE260041AAA0 /* SceneDelegate.swift */; };
		FCAEFE272B0EEE260041AAA0 /* ViewController.swift in Sources */ = {isa = PBXBuildFile; fileRef = FCAEFE262B0EEE260041AAA0 /* ViewController.swift */; };
		FCAEFE2A2B0EEE260041AAA0 /* Main.storyboard in Resources */ = {isa = PBXBuildFile; fileRef = FCAEFE282B0EEE260041AAA0 /* Main.storyboard */; };
		FCAEFE2C2B0EEE2D0041AAA0 /* Assets.xcassets in Resources */ = {isa = PBXBuildFile; fileRef = FCAEFE2B2B0EEE2D0041AAA0 /* Assets.xcassets */; };
		FCAEFE2F2B0EEE2D0041AAA0 /* LaunchScreen.storyboard in Resources */ = {isa = PBXBuildFile; fileRef = FCAEFE2D2B0EEE2D0041AAA0 /* LaunchScreen.storyboard */; };
		FCAEFE3A2B0EEE2E0041AAA0 /* readTests.swift in Sources */ = {isa = PBXBuildFile; fileRef = FCAEFE392B0EEE2E0041AAA0 /* readTests.swift */; };
		FCAEFE442B0EEE2E0041AAA0 /* readUITests.swift in Sources */ = {isa = PBXBuildFile; fileRef = FCAEFE432B0EEE2E0041AAA0 /* readUITests.swift */; };
		FCAEFE462B0EEE2E0041AAA0 /* readUITestsLaunchTests.swift in Sources */ = {isa = PBXBuildFile; fileRef = FCAEFE452B0EEE2E0041AAA0 /* readUITestsLaunchTests.swift */; };
/* End PBXBuildFile section */

/* Begin PBXContainerItemProxy section */
		FCAEFE362B0EEE2D0041AAA0 /* PBXContainerItemProxy */ = {
			isa = PBXContainerItemProxy;
			containerPortal = FCAEFE172B0EEE260041AAA0 /* Project object */;
			proxyType = 1;
			remoteGlobalIDString = FCAEFE1E2B0EEE260041AAA0;
			remoteInfo = read;
		};
		FCAEFE402B0EEE2E0041AAA0 /* PBXContainerItemProxy */ = {
			isa = PBXContainerItemProxy;
			containerPortal = FCAEFE172B0EEE260041AAA0 /* Project object */;
			proxyType = 1;
			remoteGlobalIDString = FCAEFE1E2B0EEE260041AAA0;
			remoteInfo = read;
		};
/* End PBXContainerItemProxy section */

/* Begin PBXFileReference section */
		FCAEFE1F2B0EEE260041AAA0 /* read.app */ = {isa = PBXFileReference; explicitFileType = wrapper.application; includeInIndex = 0; path = read.app; sourceTree = BUILT_PRODUCTS_DIR; };
		FCAEFE222B0EEE260041AAA0 /* AppDelegate.swift */ = {isa = PBXFileReference; lastKnownFileType = sourcecode.swift; path = AppDelegate.swift; sourceTree = "<group>"; };
		FCAEFE242B0EEE260041AAA0 /* SceneDelegate.swift */ = {isa = PBXFileReference; lastKnownFileType = sourcecode.swift; path = SceneDelegate.swift; sourceTree = "<group>"; };
		FCAEFE262B0EEE260041AAA0 /* ViewController.swift */ = {isa = PBXFileReference; lastKnownFileType = sourcecode.swift; path = ViewController.swift; sourceTree = "<group>"; };
		FCAEFE292B0EEE260041AAA0 /* Base */ = {isa = PBXFileReference; lastKnownFileType = file.storyboard; name = Base; path = Base.lproj/Main.storyboard; sourceTree = "<group>"; };
		FCAEFE2B2B0EEE2D0041AAA0 /* Assets.xcassets */ = {isa = PBXFileReference; lastKnownFileType = folder.assetcatalog; path = Assets.xcassets; sourceTree = "<group>"; };
		FCAEFE2E2B0EEE2D0041AAA0 /* Base */ = {isa = PBXFileReference; lastKnownFileType = file.storyboard; name = Base; path = Base.lproj/LaunchScreen.storyboard; sourceTree = "<group>"; };
		FCAEFE302B0EEE2D0041AAA0 /* Info.plist */ = {isa = PBXFileReference; lastKnownFileType = text.plist.xml; path = Info.plist; sourceTree = "<group>"; };
		FCAEFE352B0EEE2D0041AAA0 /* readTests.xctest */ = {isa = PBXFileReference; explicitFileType = wrapper.cfbundle; includeInIndex = 0; path = readTests.xctest; sourceTree = BUILT_PRODUCTS_DIR; };
		FCAEFE392B0EEE2E0041AAA0 /* readTests.swift */ = {isa = PBXFileReference; lastKnownFileType = sourcecode.swift; path = readTests.swift; sourceTree = "<group>"; };
		FCAEFE3F2B0EEE2E0041AAA0 /* readUITests.xctest */ = {isa = PBXFileReference; explicitFileType = wrapper.cfbundle; includeInIndex = 0; path = readUITests.xctest; sourceTree = BUILT_PRODUCTS_DIR; };
		FCAEFE432B0EEE2E0041AAA0 /* readUITests.swift */ = {isa = PBXFileReference; lastKnownFileType = sourcecode.swift; path = readUITests.swift; sourceTree = "<group>"; };
		FCAEFE452B0EEE2E0041AAA0 /* readUITestsLaunchTests.swift */ = {isa = PBXFileReference; lastKnownFileType = sourcecode.swift; path = readUITestsLaunchTests.swift; sourceTree = "<group>"; };
/* End PBXFileReference section */

/* Begin PBXFrameworksBuildPhase section */
		FCAEFE1C2B0EEE260041AAA0 /* Frameworks */ = {
			isa = PBXFrameworksBuildPhase;
			buildActionMask = 2147483647;
			files = (
			);
			runOnlyForDeploymentPostprocessing = 0;
		};
		FCAEFE322B0EEE2D0041AAA0 /* Frameworks */ = {
			isa = PBXFrameworksBuildPhase;
			buildActionMask = 2147483647;
			files = (
			);
			runOnlyForDeploymentPostprocessing = 0;
		};
		FCAEFE3C2B0EEE2E0041AAA0 /* Frameworks */ = {
			isa = PBXFrameworksBuildPhase;
			buildActionMask = 2147483647;
			files = (
			);
			runOnlyForDeploymentPostprocessing = 0;
		};
/* End PBXFrameworksBuildPhase section */

/* Begin PBXGroup section */
		FCAEFE162B0EEE260041AAA0 = {
			isa = PBXGroup;
			children = (
				FCAEFE212B0EEE260041AAA0 /* read */,
				FCAEFE382B0EEE2D0041AAA0 /* readTests */,
				FCAEFE422B0EEE2E0041AAA0 /* readUITests */,
				FCAEFE202B0EEE260041AAA0 /* Products */,
			);
			sourceTree = "<group>";
		};
		FCAEFE202B0EEE260041AAA0 /* Products */ = {
			isa = PBXGroup;
			children = (
				FCAEFE1F2B0EEE260041AAA0 /* read.app */,
				FCAEFE352B0EEE2D0041AAA0 /* readTests.xctest */,
				FCAEFE3F2B0EEE2E0041AAA0 /* readUITests.xctest */,
			);
			name = Products;
			sourceTree = "<group>";
		};
		FCAEFE212B0EEE260041AAA0 /* read */ = {
			isa = PBXGroup;
			children = (
				FCAEFE222B0EEE260041AAA0 /* AppDelegate.swift */,
				FCAEFE242B0EEE260041AAA0 /* SceneDelegate.swift */,
				FCAEFE262B0EEE260041AAA0 /* ViewController.swift */,
				FCAEFE282B0EEE260041AAA0 /* Main.storyboard */,
				FCAEFE2B2B0EEE2D0041AAA0 /* Assets.xcassets */,
				FCAEFE2D2B0EEE2D0041AAA0 /* LaunchScreen.storyboard */,
				FCAEFE302B0EEE2D0041AAA0 /* Info.plist */,
			);
			path = read;
			sourceTree = "<group>";
		};
		FCAEFE382B0EEE2D0041AAA0 /* readTests */ = {
			isa = PBXGroup;
			children = (
				FCAEFE392B0EEE2E0041AAA0 /* readTests.swift */,
			);
			path = readTests;
			sourceTree = "<group>";
		};
		FCAEFE422B0EEE2E0041AAA0 /* readUITests */ = {
			isa = PBXGroup;
			children = (
				FCAEFE432B0EEE2E0041AAA0 /* readUITests.swift */,
				FCAEFE452B0EEE2E0041AAA0 /* readUITestsLaunchTests.swift */,
			);
			path = readUITests;
			sourceTree = "<group>";
		};
/* End PBXGroup section */

/* Begin PBXNativeTarget section */
		FCAEFE1E2B0EEE260041AAA0 /* read */ = {
			isa = PBXNativeTarget;
			buildConfigurationList = FCAEFE492B0EEE2E0041AAA0 /* Build configuration list for PBXNativeTarget "read" */;
			buildPhases = (
				FCAEFE1B2B0EEE260041AAA0 /* Sources */,
				FCAEFE1C2B0EEE260041AAA0 /* Frameworks */,
				FCAEFE1D2B0EEE260041AAA0 /* Resources */,
			);
			buildRules = (
			);
			dependencies = (
			);
			name = read;
			productName = read;
			productReference = FCAEFE1F2B0EEE260041AAA0 /* read.app */;
			productType = "com.apple.product-type.application";
		};
		FCAEFE342B0EEE2D0041AAA0 /* readTests */ = {
			isa = PBXNativeTarget;
			buildConfigurationList = FCAEFE4C2B0EEE2E0041AAA0 /* Build configuration list for PBXNativeTarget "readTests" */;
			buildPhases = (
				FCAEFE312B0EEE2D0041AAA0 /* Sources */,
				FCAEFE322B0EEE2D0041AAA0 /* Frameworks */,
				FCAEFE332B0EEE2D0041AAA0 /* Resources */,
			);
			buildRules = (
			);
			dependencies = (
				FCAEFE372B0EEE2D0041AAA0 /* PBXTargetDependency */,
			);
			name = readTests;
			productName = readTests;
			productReference = FCAEFE352B0EEE2D0041AAA0 /* readTests.xctest */;
			productType = "com.apple.product-type.bundle.unit-test";
		};
		FCAEFE3E2B0EEE2E0041AAA0 /* readUITests */ = {
			isa = PBXNativeTarget;
			buildConfigurationList = FCAEFE4F2B0EEE2E0041AAA0 /* Build configuration list for PBXNativeTarget "readUITests" */;
			buildPhases = (
				FCAEFE3B2B0EEE2E0041AAA0 /* Sources */,
				FCAEFE3C2B0EEE2E0041AAA0 /* Frameworks */,
				FCAEFE3D2B0EEE2E0041AAA0 /* Resources */,
			);
			buildRules = (
			);
			dependencies = (
				FCAEFE412B0EEE2E0041AAA0 /* PBXTargetDependency */,
			);
			name = readUITests;
			productName = readUITests;
			productReference = FCAEFE3F2B0EEE2E0041AAA0 /* readUITests.xctest */;
			productType = "com.apple.product-type.bundle.ui-testing";
		};
/* End PBXNativeTarget section */

/* Begin PBXProject section */
		FCAEFE172B0EEE260041AAA0 /* Project object */ = {
			isa = PBXProject;
			attributes = {
				BuildIndependentTargetsInParallel = 1;
				LastSwiftUpdateCheck = 1500;
				LastUpgradeCheck = 1500;
				TargetAttributes = {
					FCAEFE1E2B0EEE260041AAA0 = {
						CreatedOnToolsVersion = 15.0;
					};
					FCAEFE342B0EEE2D0041AAA0 = {
						CreatedOnToolsVersion = 15.0;
						TestTargetID = FCAEFE1E2B0EEE260041AAA0;
					};
					FCAEFE3E2B0EEE2E0041AAA0 = {
						CreatedOnToolsVersion = 15.0;
						TestTargetID = FCAEFE1E2B0EEE260041AAA0;
					};
				};
			};
			buildConfigurationList = FCAEFE1A2B0EEE260041AAA0 /* Build configuration list for PBXProject "read" */;
			compatibilityVersion = "Xcode 14.0";
			developmentRegion = en;
			hasScannedForEncodings = 0;
			knownRegions = (
				en,
				Base,
			);
			mainGroup = FCAEFE162B0EEE260041AAA0;
			productRefGroup = FCAEFE202B0EEE260041AAA0 /* Products */;
			projectDirPath = "";
			projectRoot = "";
			targets = (
				FCAEFE1E2B0EEE260041AAA0 /* read */,
				FCAEFE342B0EEE2D0041AAA0 /* readTests */,
				FCAEFE3E2B0EEE2E0041AAA0 /* readUITests */,
			);
		};
/* End PBXProject section */

/* Begin PBXResourcesBuildPhase section */
		FCAEFE1D2B0EEE260041AAA0 /* Resources */ = {
			isa = PBXResourcesBuildPhase;
			buildActionMask = 2147483647;
			files = (
				FCAEFE2F2B0EEE2D0041AAA0 /* LaunchScreen.storyboard in Resources */,
				FCAEFE2C2B0EEE2D0041AAA0 /* Assets.xcassets in Resources */,
				FCAEFE2A2B0EEE260041AAA0 /* Main.storyboard in Resources */,
			);
			runOnlyForDeploymentPostprocessing = 0;
		};
		FCAEFE332B0EEE2D0041AAA0 /* Resources */ = {
			isa = PBXResourcesBuildPhase;
			buildActionMask = 2147483647;
			files = (
			);
			runOnlyForDeploymentPostprocessing = 0;
		};
		FCAEFE3D2B0EEE2E0041AAA0 /* Resources */ = {
			isa = PBXResourcesBuildPhase;
			buildActionMask = 2147483647;
			files = (
			);
			runOnlyForDeploymentPostprocessing = 0;
		};
/* End PBXResourcesBuildPhase section */

/* Begin PBXSourcesBuildPhase section */
		FCAEFE1B2B0EEE260041AAA0 /* Sources */ = {
			isa = PBXSourcesBuildPhase;
			buildActionMask = 2147483647;
			files = (
				FCAEFE272B0EEE260041AAA0 /* ViewController.swift in Sources */,
				FCAEFE232B0EEE260041AAA0 /* AppDelegate.swift in Sources */,
				FCAEFE252B0EEE260041AAA0 /* SceneDelegate.swift in Sources */,
			);
			runOnlyForDeploymentPostprocessing = 0;
		};
		FCAEFE312B0EEE2D0041AAA0 /* Sources */ = {
			isa = PBXSourcesBuildPhase;
			buildActionMask = 2147483647;
			files = (
				FCAEFE3A2B0EEE2E0041AAA0 /* readTests.swift in Sources */,
			);
			runOnlyForDeploymentPostprocessing = 0;
		};
		FCAEFE3B2B0EEE2E0041AAA0 /* Sources */ = {
			isa = PBXSourcesBuildPhase;
			buildActionMask = 2147483647;
			files = (
				FCAEFE462B0EEE2E0041AAA0 /* readUITestsLaunchTests.swift in Sources */,
				FCAEFE442B0EEE2E0041AAA0 /* readUITests.swift in Sources */,
			);
			runOnlyForDeploymentPostprocessing = 0;
		};
/* End PBXSourcesBuildPhase section */

/* Begin PBXTargetDependency section */
		FCAEFE372B0EEE2D0041AAA0 /* PBXTargetDependency */ = {
			isa = PBXTargetDependency;
			target = FCAEFE1E2B0EEE260041AAA0 /* read */;
			targetProxy = FCAEFE362B0EEE2D0041AAA0 /* PBXContainerItemProxy */;
		};
		FCAEFE412B0EEE2E0041AAA0 /* PBXTargetDependency */ = {
			isa = PBXTargetDependency;
			target = FCAEFE1E2B0EEE260041AAA0 /* read */;
			targetProxy = FCAEFE402B0EEE2E0041AAA0 /* PBXContainerItemProxy */;
		};
/* End PBXTargetDependency section */

/* Begin PBXVariantGroup section */
		FCAEFE282B0EEE260041AAA0 /* Main.storyboard */ = {
			isa = PBXVariantGroup;
			children = (
				FCAEFE292B0EEE260041AAA0 /* Base */,
			);
			name = Main.storyboard;
			sourceTree = "<group>";
		};
		FCAEFE2D2B0EEE2D0041AAA0 /* LaunchScreen.storyboard */ = {
			isa = PBXVariantGroup;
			children = (
				FCAEFE2E2B0EEE2D0041AAA0 /* Base */,
			);
			name = LaunchScreen.storyboard;
			sourceTree = "<group>";
		};
/* End PBXVariantGroup section */

/* Begin XCBuildConfiguration section */
		FCAEFE472B0EEE2E0041AAA0 /* Debug */ = {
			isa = XCBuildConfiguration;
			buildSettings = {
				ALWAYS_SEARCH_USER_PATHS = NO;
				ASSETCATALOG_COMPILER_GENERATE_SWIFT_ASSET_SYMBOL_EXTENSIONS = YES;
				CLANG_ANALYZER_NONNULL = YES;
				CLANG_ANALYZER_NUMBER_OBJECT_CONVERSION = YES_AGGRESSIVE;
				CLANG_CXX_LANGUAGE_STANDARD = "gnu++20";
				CLANG_ENABLE_MODULES = YES;
				CLANG_ENABLE_OBJC_ARC = YES;
				CLANG_ENABLE_OBJC_WEAK = YES;
				CLANG_WARN_BLOCK_CAPTURE_AUTORELEASING = YES;
				CLANG_WARN_BOOL_CONVERSION = YES;
				CLANG_WARN_COMMA = YES;
				CLANG_WARN_CONSTANT_CONVERSION = YES;
				CLANG_WARN_DEPRECATED_OBJC_IMPLEMENTATIONS = YES;
				CLANG_WARN_DIRECT_OBJC_ISA_USAGE = YES_ERROR;
				CLANG_WARN_DOCUMENTATION_COMMENTS = YES;
				CLANG_WARN_EMPTY_BODY = YES;
				CLANG_WARN_ENUM_CONVERSION = YES;
				CLANG_WARN_INFINITE_RECURSION = YES;
				CLANG_WARN_INT_CONVERSION = YES;
				CLANG_WARN_NON_LITERAL_NULL_CONVERSION = YES;
				CLANG_WARN_OBJC_IMPLICIT_RETAIN_SELF = YES;
				CLANG_WARN_OBJC_LITERAL_CONVERSION = YES;
				CLANG_WARN_OBJC_ROOT_CLASS = YES_ERROR;
				CLANG_WARN_QUOTED_INCLUDE_IN_FRAMEWORK_HEADER = YES;
				CLANG_WARN_RANGE_LOOP_ANALYSIS = YES;
				CLANG_WARN_STRICT_PROTOTYPES = YES;
				CLANG_WARN_SUSPICIOUS_MOVE = YES;
				CLANG_WARN_UNGUARDED_AVAILABILITY = YES_AGGRESSIVE;
				CLANG_WARN_UNREACHABLE_CODE = YES;
				CLANG_WARN__DUPLICATE_METHOD_MATCH = YES;
				COPY_PHASE_STRIP = NO;
				DEBUG_INFORMATION_FORMAT = dwarf;
				ENABLE_STRICT_OBJC_MSGSEND = YES;
				ENABLE_TESTABILITY = YES;
				ENABLE_USER_SCRIPT_SANDBOXING = YES;
				GCC_C_LANGUAGE_STANDARD = gnu17;
				GCC_DYNAMIC_NO_PIC = NO;
				GCC_NO_COMMON_BLOCKS = YES;
				GCC_OPTIMIZATION_LEVEL = 0;
				GCC_PREPROCESSOR_DEFINITIONS = (
					"DEBUG=1",
					"$(inherited)",
				);
				GCC_WARN_64_TO_32_BIT_CONVERSION = YES;
				GCC_WARN_ABOUT_RETURN_TYPE = YES_ERROR;
				GCC_WARN_UNDECLARED_SELECTOR = YES;
				GCC_WARN_UNINITIALIZED_AUTOS = YES_AGGRESSIVE;
				GCC_WARN_UNUSED_FUNCTION = YES;
				GCC_WARN_UNUSED_VARIABLE = YES;
				IPHONEOS_DEPLOYMENT_TARGET = 17.0;
				LOCALIZATION_PREFERS_STRING_CATALOGS = YES;
				MTL_ENABLE_DEBUG_INFO = INCLUDE_SOURCE;
				MTL_FAST_MATH = YES;
				ONLY_ACTIVE_ARCH = YES;
				SDKROOT = iphoneos;
				SWIFT_ACTIVE_COMPILATION_CONDITIONS = "DEBUG $(inherited)";
				SWIFT_OPTIMIZATION_LEVEL = "-Onone";
			};
			name = Debug;
		};
		FCAEFE482B0EEE2E0041AAA0 /* Release */ = {
			isa = XCBuildConfiguration;
			buildSettings = {
				ALWAYS_SEARCH_USER_PATHS = NO;
				ASSETCATALOG_COMPILER_GENERATE_SWIFT_ASSET_SYMBOL_EXTENSIONS = YES;
				CLANG_ANALYZER_NONNULL = YES;
				CLANG_ANALYZER_NUMBER_OBJECT_CONVERSION = YES_AGGRESSIVE;
				CLANG_CXX_LANGUAGE_STANDARD = "gnu++20";
				CLANG_ENABLE_MODULES = YES;
				CLANG_ENABLE_OBJC_ARC = YES;
				CLANG_ENABLE_OBJC_WEAK = YES;
				CLANG_WARN_BLOCK_CAPTURE_AUTORELEASING = YES;
				CLANG_WARN_BOOL_CONVERSION = YES;
				CLANG_WARN_COMMA = YES;
				CLANG_WARN_CONSTANT_CONVERSION = YES;
				CLANG_WARN_DEPRECATED_OBJC_IMPLEMENTATIONS = YES;
				CLANG_WARN_DIRECT_OBJC_ISA_USAGE = YES_ERROR;
				CLANG_WARN_DOCUMENTATION_COMMENTS = YES;
				CLANG_WARN_EMPTY_BODY = YES;
				CLANG_WARN_ENUM_CONVERSION = YES;
				CLANG_WARN_INFINITE_RECURSION = YES;
				CLANG_WARN_INT_CONVERSION = YES;
				CLANG_WARN_NON_LITERAL_NULL_CONVERSION = YES;
				CLANG_WARN_OBJC_IMPLICIT_RETAIN_SELF = YES;
				CLANG_WARN_OBJC_LITERAL_CONVERSION = YES;
				CLANG_WARN_OBJC_ROOT_CLASS = YES_ERROR;
				CLANG_WARN_QUOTED_INCLUDE_IN_FRAMEWORK_HEADER = YES;
				CLANG_WARN_RANGE_LOOP_ANALYSIS = YES;
				CLANG_WARN_STRICT_PROTOTYPES = YES;
				CLANG_WARN_SUSPICIOUS_MOVE = YES;
				CLANG_WARN_UNGUARDED_AVAILABILITY = YES_AGGRESSIVE;
				CLANG_WARN_UNREACHABLE_CODE = YES;
				CLANG_WARN__DUPLICATE_METHOD_MATCH = YES;
				COPY_PHASE_STRIP = NO;
				DEBUG_INFORMATION_FORMAT = "dwarf-with-dsym";
				ENABLE_NS_ASSERTIONS = NO;
				ENABLE_STRICT_OBJC_MSGSEND = YES;
				ENABLE_USER_SCRIPT_SANDBOXING = YES;
				GCC_C_LANGUAGE_STANDARD = gnu17;
				GCC_NO_COMMON_BLOCKS = YES;
				GCC_WARN_64_TO_32_BIT_CONVERSION = YES;
				GCC_WARN_ABOUT_RETURN_TYPE = YES_ERROR;
				GCC_WARN_UNDECLARED_SELECTOR = YES;
				GCC_WARN_UNINITIALIZED_AUTOS = YES_AGGRESSIVE;
				GCC_WARN_UNUSED_FUNCTION = YES;
				GCC_WARN_UNUSED_VARIABLE = YES;
				IPHONEOS_DEPLOYMENT_TARGET = 17.0;
				LOCALIZATION_PREFERS_STRING_CATALOGS = YES;
				MTL_ENABLE_DEBUG_INFO = NO;
				MTL_FAST_MATH = YES;
				SDKROOT = iphoneos;
				SWIFT_COMPILATION_MODE = wholemodule;
				VALIDATE_PRODUCT = YES;
			};
			name = Release;
		};
		FCAEFE4A2B0EEE2E0041AAA0 /* Debug */ = {
			isa = XCBuildConfiguration;
			buildSettings = {
				ASSETCATALOG_COMPILER_APPICON_NAME = AppIcon;
				ASSETCATALOG_COMPILER_GLOBAL_ACCENT_COLOR_NAME = AccentColor;
				CODE_SIGN_STYLE = Automatic;
				CURRENT_PROJECT_VERSION = 1;
				GENERATE_INFOPLIST_FILE = YES;
				INFOPLIST_FILE = read/Info.plist;
				INFOPLIST_KEY_UIApplicationSupportsIndirectInputEvents = YES;
				INFOPLIST_KEY_UILaunchStoryboardName = LaunchScreen;
				INFOPLIST_KEY_UIMainStoryboardFile = Main;
				INFOPLIST_KEY_UISupportedInterfaceOrientations_iPad = "UIInterfaceOrientationPortrait UIInterfaceOrientationPortraitUpsideDown UIInterfaceOrientationLandscapeLeft UIInterfaceOrientationLandscapeRight";
				INFOPLIST_KEY_UISupportedInterfaceOrientations_iPhone = "UIInterfaceOrientationPortrait UIInterfaceOrientationLandscapeLeft UIInterfaceOrientationLandscapeRight";
				LD_RUNPATH_SEARCH_PATHS = (
					"$(inherited)",
					"@executable_path/Frameworks",
				);
				MARKETING_VERSION = 1.0;
				PRODUCT_BUNDLE_IDENTIFIER = "-.read";
				PRODUCT_NAME = "$(TARGET_NAME)";
				SWIFT_EMIT_LOC_STRINGS = YES;
				SWIFT_VERSION = 5.0;
				TARGETED_DEVICE_FAMILY = "1,2";
			};
			name = Debug;
		};
		FCAEFE4B2B0EEE2E0041AAA0 /* Release */ = {
			isa = XCBuildConfiguration;
			buildSettings = {
				ASSETCATALOG_COMPILER_APPICON_NAME = AppIcon;
				ASSETCATALOG_COMPILER_GLOBAL_ACCENT_COLOR_NAME = AccentColor;
				CODE_SIGN_STYLE = Automatic;
				CURRENT_PROJECT_VERSION = 1;
				GENERATE_INFOPLIST_FILE = YES;
				INFOPLIST_FILE = read/Info.plist;
				INFOPLIST_KEY_UIApplicationSupportsIndirectInputEvents = YES;
				INFOPLIST_KEY_UILaunchStoryboardName = LaunchScreen;
				INFOPLIST_KEY_UIMainStoryboardFile = Main;
				INFOPLIST_KEY_UISupportedInterfaceOrientations_iPad = "UIInterfaceOrientationPortrait UIInterfaceOrientationPortraitUpsideDown UIInterfaceOrientationLandscapeLeft UIInterfaceOrientationLandscapeRight";
				INFOPLIST_KEY_UISupportedInterfaceOrientations_iPhone = "UIInterfaceOrientationPortrait UIInterfaceOrientationLandscapeLeft UIInterfaceOrientationLandscapeRight";
				LD_RUNPATH_SEARCH_PATHS = (
					"$(inherited)",
					"@executable_path/Frameworks",
				);
				MARKETING_VERSION = 1.0;
				PRODUCT_BUNDLE_IDENTIFIER = "-.read";
				PRODUCT_NAME = "$(TARGET_NAME)";
				SWIFT_EMIT_LOC_STRINGS = YES;
				SWIFT_VERSION = 5.0;
				TARGETED_DEVICE_FAMILY = "1,2";
			};
			name = Release;
		};
		FCAEFE4D2B0EEE2E0041AAA0 /* Debug */ = {
			isa = XCBuildConfiguration;
			buildSettings = {
				ALWAYS_EMBED_SWIFT_STANDARD_LIBRARIES = YES;
				BUNDLE_LOADER = "$(TEST_HOST)";
				CODE_SIGN_STYLE = Automatic;
				CURRENT_PROJECT_VERSION = 1;
				GENERATE_INFOPLIST_FILE = YES;
				IPHONEOS_DEPLOYMENT_TARGET = 17.0;
				MARKETING_VERSION = 1.0;
				PRODUCT_BUNDLE_IDENTIFIER = "-.readTests";
				PRODUCT_NAME = "$(TARGET_NAME)";
				SWIFT_EMIT_LOC_STRINGS = NO;
				SWIFT_VERSION = 5.0;
				TARGETED_DEVICE_FAMILY = "1,2";
				TEST_HOST = "$(BUILT_PRODUCTS_DIR)/read.app/$(BUNDLE_EXECUTABLE_FOLDER_PATH)/read";
			};
			name = Debug;
		};
		FCAEFE4E2B0EEE2E0041AAA0 /* Release */ = {
			isa = XCBuildConfiguration;
			buildSettings = {
				ALWAYS_EMBED_SWIFT_STANDARD_LIBRARIES = YES;
				BUNDLE_LOADER = "$(TEST_HOST)";
				CODE_SIGN_STYLE = Automatic;
				CURRENT_PROJECT_VERSION = 1;
				GENERATE_INFOPLIST_FILE = YES;
				IPHONEOS_DEPLOYMENT_TARGET = 17.0;
				MARKETING_VERSION = 1.0;
				PRODUCT_BUNDLE_IDENTIFIER = "-.readTests";
				PRODUCT_NAME = "$(TARGET_NAME)";
				SWIFT_EMIT_LOC_STRINGS = NO;
				SWIFT_VERSION = 5.0;
				TARGETED_DEVICE_FAMILY = "1,2";
				TEST_HOST = "$(BUILT_PRODUCTS_DIR)/read.app/$(BUNDLE_EXECUTABLE_FOLDER_PATH)/read";
			};
			name = Release;
		};
		FCAEFE502B0EEE2E0041AAA0 /* Debug */ = {
			isa = XCBuildConfiguration;
			buildSettings = {
				ALWAYS_EMBED_SWIFT_STANDARD_LIBRARIES = YES;
				CODE_SIGN_STYLE = Automatic;
				CURRENT_PROJECT_VERSION = 1;
				GENERATE_INFOPLIST_FILE = YES;
				MARKETING_VERSION = 1.0;
				PRODUCT_BUNDLE_IDENTIFIER = "-.readUITests";
				PRODUCT_NAME = "$(TARGET_NAME)";
				SWIFT_EMIT_LOC_STRINGS = NO;
				SWIFT_VERSION = 5.0;
				TARGETED_DEVICE_FAMILY = "1,2";
				TEST_TARGET_NAME = read;
			};
			name = Debug;
		};
		FCAEFE512B0EEE2E0041AAA0 /* Release */ = {
			isa = XCBuildConfiguration;
			buildSettings = {
				ALWAYS_EMBED_SWIFT_STANDARD_LIBRARIES = YES;
				CODE_SIGN_STYLE = Automatic;
				CURRENT_PROJECT_VERSION = 1;
				GENERATE_INFOPLIST_FILE = YES;
				MARKETING_VERSION = 1.0;
				PRODUCT_BUNDLE_IDENTIFIER = "-.readUITests";
				PRODUCT_NAME = "$(TARGET_NAME)";
				SWIFT_EMIT_LOC_STRINGS = NO;
				SWIFT_VERSION = 5.0;
				TARGETED_DEVICE_FAMILY = "1,2";
				TEST_TARGET_NAME = read;
			};
			name = Release;
		};
/* End XCBuildConfiguration section */

/* Begin XCConfigurationList section */
		FCAEFE1A2B0EEE260041AAA0 /* Build configuration list for PBXProject "read" */ = {
			isa = XCConfigurationList;
			buildConfigurations = (
				FCAEFE472B0EEE2E0041AAA0 /* Debug */,
				FCAEFE482B0EEE2E0041AAA0 /* Release */,
			);
			defaultConfigurationIsVisible = 0;
			defaultConfigurationName = Release;
		};
		FCAEFE492B0EEE2E0041AAA0 /* Build configuration list for PBXNativeTarget "read" */ = {
			isa = XCConfigurationList;
			buildConfigurations = (
				FCAEFE4A2B0EEE2E0041AAA0 /* Debug */,
				FCAEFE4B2B0EEE2E0041AAA0 /* Release */,
			);
			defaultConfigurationIsVisible = 0;
			defaultConfigurationName = Release;
		};
		FCAEFE4C2B0EEE2E0041AAA0 /* Build configuration list for PBXNativeTarget "readTests" */ = {
			isa = XCConfigurationList;
			buildConfigurations = (
				FCAEFE4D2B0EEE2E0041AAA0 /* Debug */,
				FCAEFE4E2B0EEE2E0041AAA0 /* Release */,
			);
			defaultConfigurationIsVisible = 0;
			defaultConfigurationName = Release;
		};
		FCAEFE4F2B0EEE2E0041AAA0 /* Build configuration list for PBXNativeTarget "readUITests" */ = {
			isa = XCConfigurationList;
			buildConfigurations = (
				FCAEFE502B0EEE2E0041AAA0 /* Debug */,
				FCAEFE512B0EEE2E0041AAA0 /* Release */,
			);
			defaultConfigurationIsVisible = 0;
			defaultConfigurationName = Release;
		};
/* End XCConfigurationList section */
	};
	rootObject = FCAEFE172B0EEE260041AAA0 /* Project object */;
}
