// !$*UTF8*$!
{
	archiveVersion = 1;
	classes = {
	};
	objectVersion = 56;
	objects = {

/* Begin PBXBuildFile section */
		FCD5FF1D2AD829270056787F /* AppDelegate.swift in Sources */ = {isa = PBXBuildFile; fileRef = FCD5FF1C2AD829270056787F /* AppDelegate.swift */; };
		FCD5FF1F2AD829270056787F /* SceneDelegate.swift in Sources */ = {isa = PBXBuildFile; fileRef = FCD5FF1E2AD829270056787F /* SceneDelegate.swift */; };
		FCD5FF212AD829270056787F /* ViewController.swift in Sources */ = {isa = PBXBuildFile; fileRef = FCD5FF202AD829270056787F /* ViewController.swift */; };
		FCD5FF242AD829270056787F /* Main.storyboard in Resources */ = {isa = PBXBuildFile; fileRef = FCD5FF222AD829270056787F /* Main.storyboard */; };
		FCD5FF262AD8292C0056787F /* Assets.xcassets in Resources */ = {isa = PBXBuildFile; fileRef = FCD5FF252AD8292C0056787F /* Assets.xcassets */; };
		FCD5FF292AD8292C0056787F /* LaunchScreen.storyboard in Resources */ = {isa = PBXBuildFile; fileRef = FCD5FF272AD8292C0056787F /* LaunchScreen.storyboard */; };
		FCD5FF342AD8292D0056787F /* UI_TestsTests.swift in Sources */ = {isa = PBXBuildFile; fileRef = FCD5FF332AD8292D0056787F /* UI_TestsTests.swift */; };
		FCD5FF3E2AD8292D0056787F /* UI_TestsUITests.swift in Sources */ = {isa = PBXBuildFile; fileRef = FCD5FF3D2AD8292D0056787F /* UI_TestsUITests.swift */; };
		FCD5FF402AD8292D0056787F /* UI_TestsUITestsLaunchTests.swift in Sources */ = {isa = PBXBuildFile; fileRef = FCD5FF3F2AD8292D0056787F /* UI_TestsUITestsLaunchTests.swift */; };
/* End PBXBuildFile section */

/* Begin PBXContainerItemProxy section */
		FCD5FF302AD8292D0056787F /* PBXContainerItemProxy */ = {
			isa = PBXContainerItemProxy;
			containerPortal = FCD5FF112AD829270056787F /* Project object */;
			proxyType = 1;
			remoteGlobalIDString = FCD5FF182AD829270056787F;
			remoteInfo = UI_Tests;
		};
		FCD5FF3A2AD8292D0056787F /* PBXContainerItemProxy */ = {
			isa = PBXContainerItemProxy;
			containerPortal = FCD5FF112AD829270056787F /* Project object */;
			proxyType = 1;
			remoteGlobalIDString = FCD5FF182AD829270056787F;
			remoteInfo = UI_Tests;
		};
/* End PBXContainerItemProxy section */

/* Begin PBXFileReference section */
		FCD5FF192AD829270056787F /* UI_Tests.app */ = {isa = PBXFileReference; explicitFileType = wrapper.application; includeInIndex = 0; path = UI_Tests.app; sourceTree = BUILT_PRODUCTS_DIR; };
		FCD5FF1C2AD829270056787F /* AppDelegate.swift */ = {isa = PBXFileReference; lastKnownFileType = sourcecode.swift; path = AppDelegate.swift; sourceTree = "<group>"; };
		FCD5FF1E2AD829270056787F /* SceneDelegate.swift */ = {isa = PBXFileReference; lastKnownFileType = sourcecode.swift; path = SceneDelegate.swift; sourceTree = "<group>"; };
		FCD5FF202AD829270056787F /* ViewController.swift */ = {isa = PBXFileReference; lastKnownFileType = sourcecode.swift; path = ViewController.swift; sourceTree = "<group>"; };
		FCD5FF232AD829270056787F /* Base */ = {isa = PBXFileReference; lastKnownFileType = file.storyboard; name = Base; path = Base.lproj/Main.storyboard; sourceTree = "<group>"; };
		FCD5FF252AD8292C0056787F /* Assets.xcassets */ = {isa = PBXFileReference; lastKnownFileType = folder.assetcatalog; path = Assets.xcassets; sourceTree = "<group>"; };
		FCD5FF282AD8292C0056787F /* Base */ = {isa = PBXFileReference; lastKnownFileType = file.storyboard; name = Base; path = Base.lproj/LaunchScreen.storyboard; sourceTree = "<group>"; };
		FCD5FF2A2AD8292C0056787F /* Info.plist */ = {isa = PBXFileReference; lastKnownFileType = text.plist.xml; path = Info.plist; sourceTree = "<group>"; };
		FCD5FF2F2AD8292D0056787F /* UI_TestsTests.xctest */ = {isa = PBXFileReference; explicitFileType = wrapper.cfbundle; includeInIndex = 0; path = UI_TestsTests.xctest; sourceTree = BUILT_PRODUCTS_DIR; };
		FCD5FF332AD8292D0056787F /* UI_TestsTests.swift */ = {isa = PBXFileReference; lastKnownFileType = sourcecode.swift; path = UI_TestsTests.swift; sourceTree = "<group>"; };
		FCD5FF392AD8292D0056787F /* UI_TestsUITests.xctest */ = {isa = PBXFileReference; explicitFileType = wrapper.cfbundle; includeInIndex = 0; path = UI_TestsUITests.xctest; sourceTree = BUILT_PRODUCTS_DIR; };
		FCD5FF3D2AD8292D0056787F /* UI_TestsUITests.swift */ = {isa = PBXFileReference; lastKnownFileType = sourcecode.swift; path = UI_TestsUITests.swift; sourceTree = "<group>"; };
		FCD5FF3F2AD8292D0056787F /* UI_TestsUITestsLaunchTests.swift */ = {isa = PBXFileReference; lastKnownFileType = sourcecode.swift; path = UI_TestsUITestsLaunchTests.swift; sourceTree = "<group>"; };
/* End PBXFileReference section */

/* Begin PBXFrameworksBuildPhase section */
		FCD5FF162AD829270056787F /* Frameworks */ = {
			isa = PBXFrameworksBuildPhase;
			buildActionMask = 2147483647;
			files = (
			);
			runOnlyForDeploymentPostprocessing = 0;
		};
		FCD5FF2C2AD8292D0056787F /* Frameworks */ = {
			isa = PBXFrameworksBuildPhase;
			buildActionMask = 2147483647;
			files = (
			);
			runOnlyForDeploymentPostprocessing = 0;
		};
		FCD5FF362AD8292D0056787F /* Frameworks */ = {
			isa = PBXFrameworksBuildPhase;
			buildActionMask = 2147483647;
			files = (
			);
			runOnlyForDeploymentPostprocessing = 0;
		};
/* End PBXFrameworksBuildPhase section */

/* Begin PBXGroup section */
		FCD5FF102AD829270056787F = {
			isa = PBXGroup;
			children = (
				FCD5FF1B2AD829270056787F /* UI_Tests */,
				FCD5FF322AD8292D0056787F /* UI_TestsTests */,
				FCD5FF3C2AD8292D0056787F /* UI_TestsUITests */,
				FCD5FF1A2AD829270056787F /* Products */,
			);
			sourceTree = "<group>";
		};
		FCD5FF1A2AD829270056787F /* Products */ = {
			isa = PBXGroup;
			children = (
				FCD5FF192AD829270056787F /* UI_Tests.app */,
				FCD5FF2F2AD8292D0056787F /* UI_TestsTests.xctest */,
				FCD5FF392AD8292D0056787F /* UI_TestsUITests.xctest */,
			);
			name = Products;
			sourceTree = "<group>";
		};
		FCD5FF1B2AD829270056787F /* UI_Tests */ = {
			isa = PBXGroup;
			children = (
				FCD5FF1C2AD829270056787F /* AppDelegate.swift */,
				FCD5FF1E2AD829270056787F /* SceneDelegate.swift */,
				FCD5FF202AD829270056787F /* ViewController.swift */,
				FCD5FF222AD829270056787F /* Main.storyboard */,
				FCD5FF252AD8292C0056787F /* Assets.xcassets */,
				FCD5FF272AD8292C0056787F /* LaunchScreen.storyboard */,
				FCD5FF2A2AD8292C0056787F /* Info.plist */,
			);
			path = UI_Tests;
			sourceTree = "<group>";
		};
		FCD5FF322AD8292D0056787F /* UI_TestsTests */ = {
			isa = PBXGroup;
			children = (
				FCD5FF332AD8292D0056787F /* UI_TestsTests.swift */,
			);
			path = UI_TestsTests;
			sourceTree = "<group>";
		};
		FCD5FF3C2AD8292D0056787F /* UI_TestsUITests */ = {
			isa = PBXGroup;
			children = (
				FCD5FF3D2AD8292D0056787F /* UI_TestsUITests.swift */,
				FCD5FF3F2AD8292D0056787F /* UI_TestsUITestsLaunchTests.swift */,
			);
			path = UI_TestsUITests;
			sourceTree = "<group>";
		};
/* End PBXGroup section */

/* Begin PBXNativeTarget section */
		FCD5FF182AD829270056787F /* UI_Tests */ = {
			isa = PBXNativeTarget;
			buildConfigurationList = FCD5FF432AD8292D0056787F /* Build configuration list for PBXNativeTarget "UI_Tests" */;
			buildPhases = (
				FCD5FF152AD829270056787F /* Sources */,
				FCD5FF162AD829270056787F /* Frameworks */,
				FCD5FF172AD829270056787F /* Resources */,
			);
			buildRules = (
			);
			dependencies = (
			);
			name = UI_Tests;
			productName = UI_Tests;
			productReference = FCD5FF192AD829270056787F /* UI_Tests.app */;
			productType = "com.apple.product-type.application";
		};
		FCD5FF2E2AD8292D0056787F /* UI_TestsTests */ = {
			isa = PBXNativeTarget;
			buildConfigurationList = FCD5FF462AD8292D0056787F /* Build configuration list for PBXNativeTarget "UI_TestsTests" */;
			buildPhases = (
				FCD5FF2B2AD8292D0056787F /* Sources */,
				FCD5FF2C2AD8292D0056787F /* Frameworks */,
				FCD5FF2D2AD8292D0056787F /* Resources */,
			);
			buildRules = (
			);
			dependencies = (
				FCD5FF312AD8292D0056787F /* PBXTargetDependency */,
			);
			name = UI_TestsTests;
			productName = UI_TestsTests;
			productReference = FCD5FF2F2AD8292D0056787F /* UI_TestsTests.xctest */;
			productType = "com.apple.product-type.bundle.unit-test";
		};
		FCD5FF382AD8292D0056787F /* UI_TestsUITests */ = {
			isa = PBXNativeTarget;
			buildConfigurationList = FCD5FF492AD8292D0056787F /* Build configuration list for PBXNativeTarget "UI_TestsUITests" */;
			buildPhases = (
				FCD5FF352AD8292D0056787F /* Sources */,
				FCD5FF362AD8292D0056787F /* Frameworks */,
				FCD5FF372AD8292D0056787F /* Resources */,
			);
			buildRules = (
			);
			dependencies = (
				FCD5FF3B2AD8292D0056787F /* PBXTargetDependency */,
			);
			name = UI_TestsUITests;
			productName = UI_TestsUITests;
			productReference = FCD5FF392AD8292D0056787F /* UI_TestsUITests.xctest */;
			productType = "com.apple.product-type.bundle.ui-testing";
		};
/* End PBXNativeTarget section */

/* Begin PBXProject section */
		FCD5FF112AD829270056787F /* Project object */ = {
			isa = PBXProject;
			attributes = {
				BuildIndependentTargetsInParallel = 1;
				LastSwiftUpdateCheck = 1500;
				LastUpgradeCheck = 1500;
				TargetAttributes = {
					FCD5FF182AD829270056787F = {
						CreatedOnToolsVersion = 15.0;
					};
					FCD5FF2E2AD8292D0056787F = {
						CreatedOnToolsVersion = 15.0;
						TestTargetID = FCD5FF182AD829270056787F;
					};
					FCD5FF382AD8292D0056787F = {
						CreatedOnToolsVersion = 15.0;
						TestTargetID = FCD5FF182AD829270056787F;
					};
				};
			};
			buildConfigurationList = FCD5FF142AD829270056787F /* Build configuration list for PBXProject "UI_Tests" */;
			compatibilityVersion = "Xcode 14.0";
			developmentRegion = en;
			hasScannedForEncodings = 0;
			knownRegions = (
				en,
				Base,
			);
			mainGroup = FCD5FF102AD829270056787F;
			productRefGroup = FCD5FF1A2AD829270056787F /* Products */;
			projectDirPath = "";
			projectRoot = "";
			targets = (
				FCD5FF182AD829270056787F /* UI_Tests */,
				FCD5FF2E2AD8292D0056787F /* UI_TestsTests */,
				FCD5FF382AD8292D0056787F /* UI_TestsUITests */,
			);
		};
/* End PBXProject section */

/* Begin PBXResourcesBuildPhase section */
		FCD5FF172AD829270056787F /* Resources */ = {
			isa = PBXResourcesBuildPhase;
			buildActionMask = 2147483647;
			files = (
				FCD5FF292AD8292C0056787F /* LaunchScreen.storyboard in Resources */,
				FCD5FF262AD8292C0056787F /* Assets.xcassets in Resources */,
				FCD5FF242AD829270056787F /* Main.storyboard in Resources */,
			);
			runOnlyForDeploymentPostprocessing = 0;
		};
		FCD5FF2D2AD8292D0056787F /* Resources */ = {
			isa = PBXResourcesBuildPhase;
			buildActionMask = 2147483647;
			files = (
			);
			runOnlyForDeploymentPostprocessing = 0;
		};
		FCD5FF372AD8292D0056787F /* Resources */ = {
			isa = PBXResourcesBuildPhase;
			buildActionMask = 2147483647;
			files = (
			);
			runOnlyForDeploymentPostprocessing = 0;
		};
/* End PBXResourcesBuildPhase section */

/* Begin PBXSourcesBuildPhase section */
		FCD5FF152AD829270056787F /* Sources */ = {
			isa = PBXSourcesBuildPhase;
			buildActionMask = 2147483647;
			files = (
				FCD5FF212AD829270056787F /* ViewController.swift in Sources */,
				FCD5FF1D2AD829270056787F /* AppDelegate.swift in Sources */,
				FCD5FF1F2AD829270056787F /* SceneDelegate.swift in Sources */,
			);
			runOnlyForDeploymentPostprocessing = 0;
		};
		FCD5FF2B2AD8292D0056787F /* Sources */ = {
			isa = PBXSourcesBuildPhase;
			buildActionMask = 2147483647;
			files = (
				FCD5FF342AD8292D0056787F /* UI_TestsTests.swift in Sources */,
			);
			runOnlyForDeploymentPostprocessing = 0;
		};
		FCD5FF352AD8292D0056787F /* Sources */ = {
			isa = PBXSourcesBuildPhase;
			buildActionMask = 2147483647;
			files = (
				FCD5FF402AD8292D0056787F /* UI_TestsUITestsLaunchTests.swift in Sources */,
				FCD5FF3E2AD8292D0056787F /* UI_TestsUITests.swift in Sources */,
			);
			runOnlyForDeploymentPostprocessing = 0;
		};
/* End PBXSourcesBuildPhase section */

/* Begin PBXTargetDependency section */
		FCD5FF312AD8292D0056787F /* PBXTargetDependency */ = {
			isa = PBXTargetDependency;
			target = FCD5FF182AD829270056787F /* UI_Tests */;
			targetProxy = FCD5FF302AD8292D0056787F /* PBXContainerItemProxy */;
		};
		FCD5FF3B2AD8292D0056787F /* PBXTargetDependency */ = {
			isa = PBXTargetDependency;
			target = FCD5FF182AD829270056787F /* UI_Tests */;
			targetProxy = FCD5FF3A2AD8292D0056787F /* PBXContainerItemProxy */;
		};
/* End PBXTargetDependency section */

/* Begin PBXVariantGroup section */
		FCD5FF222AD829270056787F /* Main.storyboard */ = {
			isa = PBXVariantGroup;
			children = (
				FCD5FF232AD829270056787F /* Base */,
			);
			name = Main.storyboard;
			sourceTree = "<group>";
		};
		FCD5FF272AD8292C0056787F /* LaunchScreen.storyboard */ = {
			isa = PBXVariantGroup;
			children = (
				FCD5FF282AD8292C0056787F /* Base */,
			);
			name = LaunchScreen.storyboard;
			sourceTree = "<group>";
		};
/* End PBXVariantGroup section */

/* Begin XCBuildConfiguration section */
		FCD5FF412AD8292D0056787F /* Debug */ = {
			isa = XCBuildConfiguration;
			buildSettings = {
				ALWAYS_SEARCH_USER_PATHS = NO;
				ASSETCATALOG_COMPILER_GENERATE_SWIFT_ASSET_SYMBOL_EXTENSIONS = YES;
				CLANG_ANALYZER_NONNULL = YES;
				CLANG_ANALYZER_NUMBER_OBJECT_CONVERSION = YES_AGGRESSIVE;
				CLANG_CXX_LANGUAGE_STANDARD = "gnu++20";
				CLANG_ENABLE_MODULES = YES;
				CLANG_ENABLE_OBJC_ARC = YES;
				CLANG_ENABLE_OBJC_WEAK = YES;
				CLANG_WARN_BLOCK_CAPTURE_AUTORELEASING = YES;
				CLANG_WARN_BOOL_CONVERSION = YES;
				CLANG_WARN_COMMA = YES;
				CLANG_WARN_CONSTANT_CONVERSION = YES;
				CLANG_WARN_DEPRECATED_OBJC_IMPLEMENTATIONS = YES;
				CLANG_WARN_DIRECT_OBJC_ISA_USAGE = YES_ERROR;
				CLANG_WARN_DOCUMENTATION_COMMENTS = YES;
				CLANG_WARN_EMPTY_BODY = YES;
				CLANG_WARN_ENUM_CONVERSION = YES;
				CLANG_WARN_INFINITE_RECURSION = YES;
				CLANG_WARN_INT_CONVERSION = YES;
				CLANG_WARN_NON_LITERAL_NULL_CONVERSION = YES;
				CLANG_WARN_OBJC_IMPLICIT_RETAIN_SELF = YES;
				CLANG_WARN_OBJC_LITERAL_CONVERSION = YES;
				CLANG_WARN_OBJC_ROOT_CLASS = YES_ERROR;
				CLANG_WARN_QUOTED_INCLUDE_IN_FRAMEWORK_HEADER = YES;
				CLANG_WARN_RANGE_LOOP_ANALYSIS = YES;
				CLANG_WARN_STRICT_PROTOTYPES = YES;
				CLANG_WARN_SUSPICIOUS_MOVE = YES;
				CLANG_WARN_UNGUARDED_AVAILABILITY = YES_AGGRESSIVE;
				CLANG_WARN_UNREACHABLE_CODE = YES;
				CLANG_WARN__DUPLICATE_METHOD_MATCH = YES;
				COPY_PHASE_STRIP = NO;
				DEBUG_INFORMATION_FORMAT = dwarf;
				ENABLE_STRICT_OBJC_MSGSEND = YES;
				ENABLE_TESTABILITY = YES;
				ENABLE_USER_SCRIPT_SANDBOXING = YES;
				GCC_C_LANGUAGE_STANDARD = gnu17;
				GCC_DYNAMIC_NO_PIC = NO;
				GCC_NO_COMMON_BLOCKS = YES;
				GCC_OPTIMIZATION_LEVEL = 0;
				GCC_PREPROCESSOR_DEFINITIONS = (
					"DEBUG=1",
					"$(inherited)",
				);
				GCC_WARN_64_TO_32_BIT_CONVERSION = YES;
				GCC_WARN_ABOUT_RETURN_TYPE = YES_ERROR;
				GCC_WARN_UNDECLARED_SELECTOR = YES;
				GCC_WARN_UNINITIALIZED_AUTOS = YES_AGGRESSIVE;
				GCC_WARN_UNUSED_FUNCTION = YES;
				GCC_WARN_UNUSED_VARIABLE = YES;
				IPHONEOS_DEPLOYMENT_TARGET = 17.0;
				LOCALIZATION_PREFERS_STRING_CATALOGS = YES;
				MTL_ENABLE_DEBUG_INFO = INCLUDE_SOURCE;
				MTL_FAST_MATH = YES;
				ONLY_ACTIVE_ARCH = YES;
				SDKROOT = iphoneos;
				SWIFT_ACTIVE_COMPILATION_CONDITIONS = "DEBUG $(inherited)";
				SWIFT_OPTIMIZATION_LEVEL = "-Onone";
			};
			name = Debug;
		};
		FCD5FF422AD8292D0056787F /* Release */ = {
			isa = XCBuildConfiguration;
			buildSettings = {
				ALWAYS_SEARCH_USER_PATHS = NO;
				ASSETCATALOG_COMPILER_GENERATE_SWIFT_ASSET_SYMBOL_EXTENSIONS = YES;
				CLANG_ANALYZER_NONNULL = YES;
				CLANG_ANALYZER_NUMBER_OBJECT_CONVERSION = YES_AGGRESSIVE;
				CLANG_CXX_LANGUAGE_STANDARD = "gnu++20";
				CLANG_ENABLE_MODULES = YES;
				CLANG_ENABLE_OBJC_ARC = YES;
				CLANG_ENABLE_OBJC_WEAK = YES;
				CLANG_WARN_BLOCK_CAPTURE_AUTORELEASING = YES;
				CLANG_WARN_BOOL_CONVERSION = YES;
				CLANG_WARN_COMMA = YES;
				CLANG_WARN_CONSTANT_CONVERSION = YES;
				CLANG_WARN_DEPRECATED_OBJC_IMPLEMENTATIONS = YES;
				CLANG_WARN_DIRECT_OBJC_ISA_USAGE = YES_ERROR;
				CLANG_WARN_DOCUMENTATION_COMMENTS = YES;
				CLANG_WARN_EMPTY_BODY = YES;
				CLANG_WARN_ENUM_CONVERSION = YES;
				CLANG_WARN_INFINITE_RECURSION = YES;
				CLANG_WARN_INT_CONVERSION = YES;
				CLANG_WARN_NON_LITERAL_NULL_CONVERSION = YES;
				CLANG_WARN_OBJC_IMPLICIT_RETAIN_SELF = YES;
				CLANG_WARN_OBJC_LITERAL_CONVERSION = YES;
				CLANG_WARN_OBJC_ROOT_CLASS = YES_ERROR;
				CLANG_WARN_QUOTED_INCLUDE_IN_FRAMEWORK_HEADER = YES;
				CLANG_WARN_RANGE_LOOP_ANALYSIS = YES;
				CLANG_WARN_STRICT_PROTOTYPES = YES;
				CLANG_WARN_SUSPICIOUS_MOVE = YES;
				CLANG_WARN_UNGUARDED_AVAILABILITY = YES_AGGRESSIVE;
				CLANG_WARN_UNREACHABLE_CODE = YES;
				CLANG_WARN__DUPLICATE_METHOD_MATCH = YES;
				COPY_PHASE_STRIP = NO;
				DEBUG_INFORMATION_FORMAT = "dwarf-with-dsym";
				ENABLE_NS_ASSERTIONS = NO;
				ENABLE_STRICT_OBJC_MSGSEND = YES;
				ENABLE_USER_SCRIPT_SANDBOXING = YES;
				GCC_C_LANGUAGE_STANDARD = gnu17;
				GCC_NO_COMMON_BLOCKS = YES;
				GCC_WARN_64_TO_32_BIT_CONVERSION = YES;
				GCC_WARN_ABOUT_RETURN_TYPE = YES_ERROR;
				GCC_WARN_UNDECLARED_SELECTOR = YES;
				GCC_WARN_UNINITIALIZED_AUTOS = YES_AGGRESSIVE;
				GCC_WARN_UNUSED_FUNCTION = YES;
				GCC_WARN_UNUSED_VARIABLE = YES;
				IPHONEOS_DEPLOYMENT_TARGET = 17.0;
				LOCALIZATION_PREFERS_STRING_CATALOGS = YES;
				MTL_ENABLE_DEBUG_INFO = NO;
				MTL_FAST_MATH = YES;
				SDKROOT = iphoneos;
				SWIFT_COMPILATION_MODE = wholemodule;
				VALIDATE_PRODUCT = YES;
			};
			name = Release;
		};
		FCD5FF442AD8292D0056787F /* Debug */ = {
			isa = XCBuildConfiguration;
			buildSettings = {
				ASSETCATALOG_COMPILER_APPICON_NAME = AppIcon;
				ASSETCATALOG_COMPILER_GLOBAL_ACCENT_COLOR_NAME = AccentColor;
				CODE_SIGN_STYLE = Automatic;
				CURRENT_PROJECT_VERSION = 1;
				GENERATE_INFOPLIST_FILE = YES;
				INFOPLIST_FILE = UI_Tests/Info.plist;
				INFOPLIST_KEY_UIApplicationSupportsIndirectInputEvents = YES;
				INFOPLIST_KEY_UILaunchStoryboardName = LaunchScreen;
				INFOPLIST_KEY_UIMainStoryboardFile = Main;
				INFOPLIST_KEY_UISupportedInterfaceOrientations_iPad = "UIInterfaceOrientationPortrait UIInterfaceOrientationPortraitUpsideDown UIInterfaceOrientationLandscapeLeft UIInterfaceOrientationLandscapeRight";
				INFOPLIST_KEY_UISupportedInterfaceOrientations_iPhone = "UIInterfaceOrientationPortrait UIInterfaceOrientationLandscapeLeft UIInterfaceOrientationLandscapeRight";
				LD_RUNPATH_SEARCH_PATHS = (
					"$(inherited)",
					"@executable_path/Frameworks",
				);
				MARKETING_VERSION = 1.0;
				PRODUCT_BUNDLE_IDENTIFIER = "-.UI-Tests";
				PRODUCT_NAME = "$(TARGET_NAME)";
				SWIFT_EMIT_LOC_STRINGS = YES;
				SWIFT_VERSION = 5.0;
				TARGETED_DEVICE_FAMILY = "1,2";
			};
			name = Debug;
		};
		FCD5FF452AD8292D0056787F /* Release */ = {
			isa = XCBuildConfiguration;
			buildSettings = {
				ASSETCATALOG_COMPILER_APPICON_NAME = AppIcon;
				ASSETCATALOG_COMPILER_GLOBAL_ACCENT_COLOR_NAME = AccentColor;
				CODE_SIGN_STYLE = Automatic;
				CURRENT_PROJECT_VERSION = 1;
				GENERATE_INFOPLIST_FILE = YES;
				INFOPLIST_FILE = UI_Tests/Info.plist;
				INFOPLIST_KEY_UIApplicationSupportsIndirectInputEvents = YES;
				INFOPLIST_KEY_UILaunchStoryboardName = LaunchScreen;
				INFOPLIST_KEY_UIMainStoryboardFile = Main;
				INFOPLIST_KEY_UISupportedInterfaceOrientations_iPad = "UIInterfaceOrientationPortrait UIInterfaceOrientationPortraitUpsideDown UIInterfaceOrientationLandscapeLeft UIInterfaceOrientationLandscapeRight";
				INFOPLIST_KEY_UISupportedInterfaceOrientations_iPhone = "UIInterfaceOrientationPortrait UIInterfaceOrientationLandscapeLeft UIInterfaceOrientationLandscapeRight";
				LD_RUNPATH_SEARCH_PATHS = (
					"$(inherited)",
					"@executable_path/Frameworks",
				);
				MARKETING_VERSION = 1.0;
				PRODUCT_BUNDLE_IDENTIFIER = "-.UI-Tests";
				PRODUCT_NAME = "$(TARGET_NAME)";
				SWIFT_EMIT_LOC_STRINGS = YES;
				SWIFT_VERSION = 5.0;
				TARGETED_DEVICE_FAMILY = "1,2";
			};
			name = Release;
		};
		FCD5FF472AD8292D0056787F /* Debug */ = {
			isa = XCBuildConfiguration;
			buildSettings = {
				ALWAYS_EMBED_SWIFT_STANDARD_LIBRARIES = YES;
				BUNDLE_LOADER = "$(TEST_HOST)";
				CODE_SIGN_STYLE = Automatic;
				CURRENT_PROJECT_VERSION = 1;
				GENERATE_INFOPLIST_FILE = YES;
				IPHONEOS_DEPLOYMENT_TARGET = 17.0;
				MARKETING_VERSION = 1.0;
				PRODUCT_BUNDLE_IDENTIFIER = "-.UI-TestsTests";
				PRODUCT_NAME = "$(TARGET_NAME)";
				SWIFT_EMIT_LOC_STRINGS = NO;
				SWIFT_VERSION = 5.0;
				TARGETED_DEVICE_FAMILY = "1,2";
				TEST_HOST = "$(BUILT_PRODUCTS_DIR)/UI_Tests.app/$(BUNDLE_EXECUTABLE_FOLDER_PATH)/UI_Tests";
			};
			name = Debug;
		};
		FCD5FF482AD8292D0056787F /* Release */ = {
			isa = XCBuildConfiguration;
			buildSettings = {
				ALWAYS_EMBED_SWIFT_STANDARD_LIBRARIES = YES;
				BUNDLE_LOADER = "$(TEST_HOST)";
				CODE_SIGN_STYLE = Automatic;
				CURRENT_PROJECT_VERSION = 1;
				GENERATE_INFOPLIST_FILE = YES;
				IPHONEOS_DEPLOYMENT_TARGET = 17.0;
				MARKETING_VERSION = 1.0;
				PRODUCT_BUNDLE_IDENTIFIER = "-.UI-TestsTests";
				PRODUCT_NAME = "$(TARGET_NAME)";
				SWIFT_EMIT_LOC_STRINGS = NO;
				SWIFT_VERSION = 5.0;
				TARGETED_DEVICE_FAMILY = "1,2";
				TEST_HOST = "$(BUILT_PRODUCTS_DIR)/UI_Tests.app/$(BUNDLE_EXECUTABLE_FOLDER_PATH)/UI_Tests";
			};
			name = Release;
		};
		FCD5FF4A2AD8292D0056787F /* Debug */ = {
			isa = XCBuildConfiguration;
			buildSettings = {
				ALWAYS_EMBED_SWIFT_STANDARD_LIBRARIES = YES;
				CODE_SIGN_STYLE = Automatic;
				CURRENT_PROJECT_VERSION = 1;
				GENERATE_INFOPLIST_FILE = YES;
				MARKETING_VERSION = 1.0;
				PRODUCT_BUNDLE_IDENTIFIER = "-.UI-TestsUITests";
				PRODUCT_NAME = "$(TARGET_NAME)";
				SWIFT_EMIT_LOC_STRINGS = NO;
				SWIFT_VERSION = 5.0;
				TARGETED_DEVICE_FAMILY = "1,2";
				TEST_TARGET_NAME = UI_Tests;
			};
			name = Debug;
		};
		FCD5FF4B2AD8292D0056787F /* Release */ = {
			isa = XCBuildConfiguration;
			buildSettings = {
				ALWAYS_EMBED_SWIFT_STANDARD_LIBRARIES = YES;
				CODE_SIGN_STYLE = Automatic;
				CURRENT_PROJECT_VERSION = 1;
				GENERATE_INFOPLIST_FILE = YES;
				MARKETING_VERSION = 1.0;
				PRODUCT_BUNDLE_IDENTIFIER = "-.UI-TestsUITests";
				PRODUCT_NAME = "$(TARGET_NAME)";
				SWIFT_EMIT_LOC_STRINGS = NO;
				SWIFT_VERSION = 5.0;
				TARGETED_DEVICE_FAMILY = "1,2";
				TEST_TARGET_NAME = UI_Tests;
			};
			name = Release;
		};
/* End XCBuildConfiguration section */

/* Begin XCConfigurationList section */
		FCD5FF142AD829270056787F /* Build configuration list for PBXProject "UI_Tests" */ = {
			isa = XCConfigurationList;
			buildConfigurations = (
				FCD5FF412AD8292D0056787F /* Debug */,
				FCD5FF422AD8292D0056787F /* Release */,
			);
			defaultConfigurationIsVisible = 0;
			defaultConfigurationName = Release;
		};
		FCD5FF432AD8292D0056787F /* Build configuration list for PBXNativeTarget "UI_Tests" */ = {
			isa = XCConfigurationList;
			buildConfigurations = (
				FCD5FF442AD8292D0056787F /* Debug */,
				FCD5FF452AD8292D0056787F /* Release */,
			);
			defaultConfigurationIsVisible = 0;
			defaultConfigurationName = Release;
		};
		FCD5FF462AD8292D0056787F /* Build configuration list for PBXNativeTarget "UI_TestsTests" */ = {
			isa = XCConfigurationList;
			buildConfigurations = (
				FCD5FF472AD8292D0056787F /* Debug */,
				FCD5FF482AD8292D0056787F /* Release */,
			);
			defaultConfigurationIsVisible = 0;
			defaultConfigurationName = Release;
		};
		FCD5FF492AD8292D0056787F /* Build configuration list for PBXNativeTarget "UI_TestsUITests" */ = {
			isa = XCConfigurationList;
			buildConfigurations = (
				FCD5FF4A2AD8292D0056787F /* Debug */,
				FCD5FF4B2AD8292D0056787F /* Release */,
			);
			defaultConfigurationIsVisible = 0;
			defaultConfigurationName = Release;
		};
/* End XCConfigurationList section */
	};
	rootObject = FCD5FF112AD829270056787F /* Project object */;
}
